
Microsoft Visual Studio Solution File, Format Version 12.00
# Visual Studio Version 16
VisualStudioVersion = 16.0.31410.357
MinimumVisualStudioVersion = 10.0.40219.1
Project("{9A19103F-16F7-4668-BE54-9A1E7A4F7556}") = "Caesar", "Caesar.csproj", "{71184221-FBD9-4D1F-BB1A-2BA49EDEE02B}"
EndProject
Project("{FAE04EC0-301F-11D3-BF4B-00C04F79EFBC}") = "01_Assignment", "..\01_Assignment\01_Assignment.csproj", "{C112AC4D-F2C2-4479-969A-B6AD68DD1AA1}"
EndProject
Global
	GlobalSection(SolutionConfigurationPlatforms) = preSolution
		Debug|Any CPU = Debug|Any CPU
		Release|Any CPU = Release|Any CPU
	EndGlobalSection
	GlobalSection(ProjectConfigurationPlatforms) = postSolution
		{71184221-FBD9-4D1F-BB1A-2BA49EDEE02B}.Debug|Any CPU.ActiveCfg = Debug|Any CPU
		{71184221-FBD9-4D1F-BB1A-2BA49EDEE02B}.Debug|Any CPU.Build.0 = Debug|Any CPU
		{71184221-FBD9-4D1F-BB1A-2BA49EDEE02B}.Release|Any CPU.ActiveCfg = Release|Any CPU
		{71184221-FBD9-4D1F-BB1A-2BA49EDEE02B}.Release|Any CPU.Build.0 = Release|Any CPU
		{C112AC4D-F2C2-4479-969A-B6AD68DD1AA1}.Debug|Any CPU.ActiveCfg = Debug|Any CPU
		{C112AC4D-F2C2-4479-969A-B6AD68DD1AA1}.Debug|Any CPU.Build.0 = Debug|Any CPU
		{C112AC4D-F2C2-4479-969A-B6AD68DD1AA1}.Release|Any CPU.ActiveCfg = Release|Any CPU
		{C112AC4D-F2C2-4479-969A-B6AD68DD1AA1}.Release|Any CPU.Build.0 = Release|Any CPU
	EndGlobalSection
	GlobalSection(SolutionProperties) = preSolution
		HideSolutionNode = FALSE
	EndGlobalSection
	GlobalSection(ExtensibilityGlobals) = postSolution
		SolutionGuid = {66EAA6A6-FEE1-4C0D-8A45-828C13004440}
	EndGlobalSection
EndGlobal
